# Generated by pub
# See http://pub.dartlang.org/doc/glossary.html#lockfile
packages:
  atomic:
    description:
      path: "..\\atomic"
      relative: true
    source: path
    version: "0.0.1"
  browser:
    description: browser
    source: hosted
    version: "0.10.0+2"
  hub:
    description:
      path: "..\\hub"
      relative: true
    source: path
    version: "0.8.6"
