# Generated by pub
# See http://pub.dartlang.org/doc/glossary.html#lockfile
packages:
  bass:
    description:
      path: "../bass"
      relative: true
    source: path
    version: "0.1.3"
  browser:
    description: browser
    source: hosted
    version: "0.10.0+2"
  dispatch:
    description: dispatch
    source: hosted
    version: "0.0.8"
  ds:
    description: ds
    source: hosted
    version: "0.4.3"
  hub:
    description:
      path: "../hub"
      relative: true
    source: path
    version: "0.12.2"
  path:
    description: path
    source: hosted
    version: "1.3.0"
  requestful:
    description: requestful
    source: hosted
    version: "0.0.2"
  streamable:
    description: streamable
    source: hosted
    version: "0.4.0"
